
Microsoft Visual Studio Solution File, Format Version 12.00
# Visual Studio Version 17
VisualStudioVersion = 17.14.36511.14 d17.14
MinimumVisualStudioVersion = 10.0.40219.1
Project("{FAE04EC0-301F-11D3-BF4B-00C04F79EFBC}") = "Valora_WebApi", "Valora_WebApi\Valora_WebApi.csproj", "{555A1419-1302-4F4C-99DD-F5ABB93B392D}"
EndProject
Global
	GlobalSection(SolutionConfigurationPlatforms) = preSolution
		Debug|Any CPU = Debug|Any CPU
		Release|Any CPU = Release|Any CPU
	EndGlobalSection
	GlobalSection(ProjectConfigurationPlatforms) = postSolution
		{555A1419-1302-4F4C-99DD-F5ABB93B392D}.Debug|Any CPU.ActiveCfg = Debug|Any CPU
		{555A1419-1302-4F4C-99DD-F5ABB93B392D}.Debug|Any CPU.Build.0 = Debug|Any CPU
		{555A1419-1302-4F4C-99DD-F5ABB93B392D}.Release|Any CPU.ActiveCfg = Release|Any CPU
		{555A1419-1302-4F4C-99DD-F5ABB93B392D}.Release|Any CPU.Build.0 = Release|Any CPU
	EndGlobalSection
	GlobalSection(SolutionProperties) = preSolution
		HideSolutionNode = FALSE
	EndGlobalSection
	GlobalSection(ExtensibilityGlobals) = postSolution
		SolutionGuid = {8028FFA5-0C4E-4B56-8670-78273FF9246F}
	EndGlobalSection
EndGlobal
